
Microsoft Visual Studio Solution File, Format Version 12.00
# Visual Studio Version 17
VisualStudioVersion = 17.14.36327.8
MinimumVisualStudioVersion = 10.0.40219.1
Project("{FAE04EC0-301F-11D3-BF4B-00C04F79EFBC}") = "LibraryManagement.API", "LibraryManagement.API\LibraryManagement.API.csproj", "{C3F5FB2A-76D4-4D49-97C0-6520CDDA0E48}"
EndProject
Project("{FAE04EC0-301F-11D3-BF4B-00C04F79EFBC}") = "LibraryManagement.Web", "LibraryManagement.Web\LibraryManagement.Web.csproj", "{514405D9-4755-4589-B5E9-211FADC522CA}"
EndProject
Global
	GlobalSection(SolutionConfigurationPlatforms) = preSolution
		Debug|Any CPU = Debug|Any CPU
		Release|Any CPU = Release|Any CPU
	EndGlobalSection
	GlobalSection(ProjectConfigurationPlatforms) = postSolution
		{C3F5FB2A-76D4-4D49-97C0-6520CDDA0E48}.Debug|Any CPU.ActiveCfg = Debug|Any CPU
		{C3F5FB2A-76D4-4D49-97C0-6520CDDA0E48}.Debug|Any CPU.Build.0 = Debug|Any CPU
		{C3F5FB2A-76D4-4D49-97C0-6520CDDA0E48}.Release|Any CPU.ActiveCfg = Release|Any CPU
		{C3F5FB2A-76D4-4D49-97C0-6520CDDA0E48}.Release|Any CPU.Build.0 = Release|Any CPU
		{514405D9-4755-4589-B5E9-211FADC522CA}.Debug|Any CPU.ActiveCfg = Debug|Any CPU
		{514405D9-4755-4589-B5E9-211FADC522CA}.Debug|Any CPU.Build.0 = Debug|Any CPU
		{514405D9-4755-4589-B5E9-211FADC522CA}.Release|Any CPU.ActiveCfg = Release|Any CPU
		{514405D9-4755-4589-B5E9-211FADC522CA}.Release|Any CPU.Build.0 = Release|Any CPU
	EndGlobalSection
	GlobalSection(SolutionProperties) = preSolution
		HideSolutionNode = FALSE
	EndGlobalSection
	GlobalSection(ExtensibilityGlobals) = postSolution
		SolutionGuid = {6862E087-B690-4CA1-995D-279543C76F52}
	EndGlobalSection
EndGlobal
